
Microsoft Visual Studio Solution File, Format Version 12.00
# Visual Studio Version 17
VisualStudioVersion = 17.7.34031.279
MinimumVisualStudioVersion = 10.0.40219.1
Project("{F184B08F-C81C-45F6-A57F-5ABD9991F28F}") = "Flowers Program thing", "Flowers Program thing.vbproj", "{976DE2B1-DB28-47E9-9BA0-51B84AA17722}"
EndProject
Global
	GlobalSection(SolutionConfigurationPlatforms) = preSolution
		Debug|Any CPU = Debug|Any CPU
		Release|Any CPU = Release|Any CPU
	EndGlobalSection
	GlobalSection(ProjectConfigurationPlatforms) = postSolution
		{976DE2B1-DB28-47E9-9BA0-51B84AA17722}.Debug|Any CPU.ActiveCfg = Debug|Any CPU
		{976DE2B1-DB28-47E9-9BA0-51B84AA17722}.Debug|Any CPU.Build.0 = Debug|Any CPU
		{976DE2B1-DB28-47E9-9BA0-51B84AA17722}.Release|Any CPU.ActiveCfg = Release|Any CPU
		{976DE2B1-DB28-47E9-9BA0-51B84AA17722}.Release|Any CPU.Build.0 = Release|Any CPU
	EndGlobalSection
	GlobalSection(SolutionProperties) = preSolution
		HideSolutionNode = FALSE
	EndGlobalSection
	GlobalSection(ExtensibilityGlobals) = postSolution
		SolutionGuid = {015F7253-758F-41A6-814C-F304CED4877C}
	EndGlobalSection
EndGlobal
